
Microsoft Visual Studio Solution File, Format Version 12.00
# Visual Studio Version 17
VisualStudioVersion = 17.0.31903.59
MinimumVisualStudioVersion = 10.0.40219.1
Project("{FAE04EC0-301F-11D3-BF4B-00C04F79EFBC}") = "FormRequestSystem.Api", "FormRequestSystem.Api.csproj", "{09294BAC-E256-4A1E-A539-0B8AC3F64994}"
	ProjectSection(ProjectDependencies) = postProject
		{1B535205-E68A-4D45-805F-0F53EDE6385B} = {1B535205-E68A-4D45-805F-0F53EDE6385B}
	EndProjectSection
EndProject
Project("{2150E333-8FDC-42A3-9474-1A3956D46DE8}") = "Project", "Project", "{EB1B1211-640D-0C76-A929-990D115248FD}"
EndProject
Project("{FAE04EC0-301F-11D3-BF4B-00C04F79EFBC}") = "FormRequestSystem.Project", "Project\FormRequestSystem.Project.csproj", "{1B535205-E68A-4D45-805F-0F53EDE6385B}"
EndProject
Project("{2150E333-8FDC-42A3-9474-1A3956D46DE8}") = "Tools", "Tools", "{07C2787E-EAC7-C090-1BA3-A61EC2A24D84}"
EndProject
Project("{2150E333-8FDC-42A3-9474-1A3956D46DE8}") = "EmployeeImporter", "EmployeeImporter", "{D2173A9B-502D-7CD2-0660-0171D2281256}"
EndProject
Project("{FAE04EC0-301F-11D3-BF4B-00C04F79EFBC}") = "FormRequestSystem.EmployeeImporter", "Tools\EmployeeImporter\FormRequestSystem.EmployeeImporter.csproj", "{1B113AC7-E6E1-4A2B-AB92-BFBB8D6346AD}"
	ProjectSection(ProjectDependencies) = postProject
		{1B535205-E68A-4D45-805F-0F53EDE6385B} = {1B535205-E68A-4D45-805F-0F53EDE6385B}
	EndProjectSection
EndProject
Global
	GlobalSection(SolutionConfigurationPlatforms) = preSolution
		Debug|Any CPU = Debug|Any CPU
		Debug|x64 = Debug|x64
		Debug|x86 = Debug|x86
		Release|Any CPU = Release|Any CPU
		Release|x64 = Release|x64
		Release|x86 = Release|x86
	EndGlobalSection
	GlobalSection(ProjectConfigurationPlatforms) = postSolution
		{09294BAC-E256-4A1E-A539-0B8AC3F64994}.Debug|Any CPU.ActiveCfg = Debug|Any CPU
		{09294BAC-E256-4A1E-A539-0B8AC3F64994}.Debug|Any CPU.Build.0 = Debug|Any CPU
		{09294BAC-E256-4A1E-A539-0B8AC3F64994}.Debug|x64.ActiveCfg = Debug|Any CPU
		{09294BAC-E256-4A1E-A539-0B8AC3F64994}.Debug|x64.Build.0 = Debug|Any CPU
		{09294BAC-E256-4A1E-A539-0B8AC3F64994}.Debug|x86.ActiveCfg = Debug|Any CPU
		{09294BAC-E256-4A1E-A539-0B8AC3F64994}.Debug|x86.Build.0 = Debug|Any CPU
		{09294BAC-E256-4A1E-A539-0B8AC3F64994}.Release|Any CPU.ActiveCfg = Release|Any CPU
		{09294BAC-E256-4A1E-A539-0B8AC3F64994}.Release|Any CPU.Build.0 = Release|Any CPU
		{09294BAC-E256-4A1E-A539-0B8AC3F64994}.Release|x64.ActiveCfg = Release|Any CPU
		{09294BAC-E256-4A1E-A539-0B8AC3F64994}.Release|x64.Build.0 = Release|Any CPU
		{09294BAC-E256-4A1E-A539-0B8AC3F64994}.Release|x86.ActiveCfg = Release|Any CPU
		{09294BAC-E256-4A1E-A539-0B8AC3F64994}.Release|x86.Build.0 = Release|Any CPU
		{1B535205-E68A-4D45-805F-0F53EDE6385B}.Debug|Any CPU.ActiveCfg = Debug|Any CPU
		{1B535205-E68A-4D45-805F-0F53EDE6385B}.Debug|Any CPU.Build.0 = Debug|Any CPU
		{1B535205-E68A-4D45-805F-0F53EDE6385B}.Debug|x64.ActiveCfg = Debug|Any CPU
		{1B535205-E68A-4D45-805F-0F53EDE6385B}.Debug|x64.Build.0 = Debug|Any CPU
		{1B535205-E68A-4D45-805F-0F53EDE6385B}.Debug|x86.ActiveCfg = Debug|Any CPU
		{1B535205-E68A-4D45-805F-0F53EDE6385B}.Debug|x86.Build.0 = Debug|Any CPU
		{1B535205-E68A-4D45-805F-0F53EDE6385B}.Release|Any CPU.ActiveCfg = Release|Any CPU
		{1B535205-E68A-4D45-805F-0F53EDE6385B}.Release|Any CPU.Build.0 = Release|Any CPU
		{1B535205-E68A-4D45-805F-0F53EDE6385B}.Release|x64.ActiveCfg = Release|Any CPU
		{1B535205-E68A-4D45-805F-0F53EDE6385B}.Release|x64.Build.0 = Release|Any CPU
		{1B535205-E68A-4D45-805F-0F53EDE6385B}.Release|x86.ActiveCfg = Release|Any CPU
		{1B535205-E68A-4D45-805F-0F53EDE6385B}.Release|x86.Build.0 = Release|Any CPU
		{1B113AC7-E6E1-4A2B-AB92-BFBB8D6346AD}.Debug|Any CPU.ActiveCfg = Debug|Any CPU
		{1B113AC7-E6E1-4A2B-AB92-BFBB8D6346AD}.Debug|Any CPU.Build.0 = Debug|Any CPU
		{1B113AC7-E6E1-4A2B-AB92-BFBB8D6346AD}.Debug|x64.ActiveCfg = Debug|Any CPU
		{1B113AC7-E6E1-4A2B-AB92-BFBB8D6346AD}.Debug|x64.Build.0 = Debug|Any CPU
		{1B113AC7-E6E1-4A2B-AB92-BFBB8D6346AD}.Debug|x86.ActiveCfg = Debug|Any CPU
		{1B113AC7-E6E1-4A2B-AB92-BFBB8D6346AD}.Debug|x86.Build.0 = Debug|Any CPU
		{1B113AC7-E6E1-4A2B-AB92-BFBB8D6346AD}.Release|Any CPU.ActiveCfg = Release|Any CPU
		{1B113AC7-E6E1-4A2B-AB92-BFBB8D6346AD}.Release|Any CPU.Build.0 = Release|Any CPU
		{1B113AC7-E6E1-4A2B-AB92-BFBB8D6346AD}.Release|x64.ActiveCfg = Release|Any CPU
		{1B113AC7-E6E1-4A2B-AB92-BFBB8D6346AD}.Release|x64.Build.0 = Release|Any CPU
		{1B113AC7-E6E1-4A2B-AB92-BFBB8D6346AD}.Release|x86.ActiveCfg = Release|Any CPU
		{1B113AC7-E6E1-4A2B-AB92-BFBB8D6346AD}.Release|x86.Build.0 = Release|Any CPU
	EndGlobalSection
	GlobalSection(SolutionProperties) = preSolution
		HideSolutionNode = FALSE
	EndGlobalSection
	GlobalSection(NestedProjects) = preSolution
		{1B535205-E68A-4D45-805F-0F53EDE6385B} = {EB1B1211-640D-0C76-A929-990D115248FD}
		{D2173A9B-502D-7CD2-0660-0171D2281256} = {07C2787E-EAC7-C090-1BA3-A61EC2A24D84}
		{1B113AC7-E6E1-4A2B-AB92-BFBB8D6346AD} = {D2173A9B-502D-7CD2-0660-0171D2281256}
	EndGlobalSection
EndGlobal

